{
    "version": 3,
    "terraform_version": "0.11.13",
    "serial": 32,
    "lineage": "a8b812f8-f567-72e0-04c3-07536267edec",
    "modules": [
        {
            "path": [
                "root"
            ],
            "outputs": {},
            "resources": {},
            "depends_on": []
        },
        {
            "path": [
                "root",
                "dev_alb"
            ],
            "outputs": {
                "alb1-tg-arn": {
                    "sensitive": false,
                    "type": "string",
                    "value": "arn:aws-cn:elasticloadbalancing:cn-north-1:770349173707:targetgroup/alb1-tg/b5bfa1b5bc331adc"
                }
            },
            "resources": {
                "aws_lb.alb-1": {
                    "type": "aws_lb",
                    "depends_on": [],
                    "primary": {
                        "id": "arn:aws-cn:elasticloadbalancing:cn-north-1:770349173707:loadbalancer/app/alb-1/827cf824612e5a21",
                        "attributes": {
                            "access_logs.#": "1",
                            "access_logs.0.bucket": "",
                            "access_logs.0.enabled": "false",
                            "access_logs.0.prefix": "",
                            "arn": "arn:aws-cn:elasticloadbalancing:cn-north-1:770349173707:loadbalancer/app/alb-1/827cf824612e5a21",
                            "arn_suffix": "app/alb-1/827cf824612e5a21",
                            "dns_name": "alb-1-1001530782.cn-north-1.elb.amazonaws.com.cn",
                            "enable_deletion_protection": "false",
                            "enable_http2": "true",
                            "id": "arn:aws-cn:elasticloadbalancing:cn-north-1:770349173707:loadbalancer/app/alb-1/827cf824612e5a21",
                            "idle_timeout": "60",
                            "internal": "false",
                            "ip_address_type": "ipv4",
                            "load_balancer_type": "application",
                            "name": "alb-1",
                            "security_groups.#": "1",
                            "security_groups.684147508": "sg-017e071f2f9e64d3a",
                            "subnet_mapping.#": "2",
                            "subnet_mapping.2857622280.allocation_id": "",
                            "subnet_mapping.2857622280.subnet_id": "subnet-0598ec2283119b108",
                            "subnet_mapping.3792146631.allocation_id": "",
                            "subnet_mapping.3792146631.subnet_id": "subnet-09df7aea095e68728",
                            "subnets.#": "2",
                            "subnets.1459431269": "subnet-0598ec2283119b108",
                            "subnets.2961220546": "subnet-09df7aea095e68728",
                            "tags.%": "1",
                            "tags.Environment": "alb-1",
                            "vpc_id": "vpc-0d419cf917dc59966",
                            "zone_id": "Z3BX2TMKNYI13Y"
                        },
                        "meta": {
                            "e2bfb730-ecaa-11e6-8f88-34363bc7c4c0": {
                                "create": 600000000000,
                                "delete": 600000000000,
                                "update": 600000000000
                            }
                        },
                        "tainted": false
                    },
                    "deposed": [],
                    "provider": "provider.aws"
                },
                "aws_lb_listener.alb-1": {
                    "type": "aws_lb_listener",
                    "depends_on": [
                        "aws_lb.alb-1",
                        "aws_lb_target_group.alb1-tg"
                    ],
                    "primary": {
                        "id": "arn:aws-cn:elasticloadbalancing:cn-north-1:770349173707:listener/app/alb-1/827cf824612e5a21/8959b10603e21a52",
                        "attributes": {
                            "arn": "arn:aws-cn:elasticloadbalancing:cn-north-1:770349173707:listener/app/alb-1/827cf824612e5a21/8959b10603e21a52",
                            "default_action.#": "1",
                            "default_action.0.authenticate_cognito.#": "0",
                            "default_action.0.authenticate_oidc.#": "0",
                            "default_action.0.fixed_response.#": "0",
                            "default_action.0.order": "1",
                            "default_action.0.redirect.#": "0",
                            "default_action.0.target_group_arn": "arn:aws-cn:elasticloadbalancing:cn-north-1:770349173707:targetgroup/alb1-tg/b5bfa1b5bc331adc",
                            "default_action.0.type": "forward",
                            "id": "arn:aws-cn:elasticloadbalancing:cn-north-1:770349173707:listener/app/alb-1/827cf824612e5a21/8959b10603e21a52",
                            "load_balancer_arn": "arn:aws-cn:elasticloadbalancing:cn-north-1:770349173707:loadbalancer/app/alb-1/827cf824612e5a21",
                            "port": "80",
                            "protocol": "HTTP",
                            "ssl_policy": ""
                        },
                        "meta": {
                            "e2bfb730-ecaa-11e6-8f88-34363bc7c4c0": {
                                "read": 600000000000
                            }
                        },
                        "tainted": false
                    },
                    "deposed": [],
                    "provider": "provider.aws"
                },
                "aws_lb_target_group.alb1-tg": {
                    "type": "aws_lb_target_group",
                    "depends_on": [],
                    "primary": {
                        "id": "arn:aws-cn:elasticloadbalancing:cn-north-1:770349173707:targetgroup/alb1-tg/b5bfa1b5bc331adc",
                        "attributes": {
                            "arn": "arn:aws-cn:elasticloadbalancing:cn-north-1:770349173707:targetgroup/alb1-tg/b5bfa1b5bc331adc",
                            "arn_suffix": "targetgroup/alb1-tg/b5bfa1b5bc331adc",
                            "deregistration_delay": "300",
                            "health_check.#": "1",
                            "health_check.0.enabled": "false",
                            "health_check.0.healthy_threshold": "5",
                            "health_check.0.interval": "30",
                            "health_check.0.matcher": "200",
                            "health_check.0.path": "/",
                            "health_check.0.port": "traffic-port",
                            "health_check.0.protocol": "HTTP",
                            "health_check.0.timeout": "5",
                            "health_check.0.unhealthy_threshold": "2",
                            "id": "arn:aws-cn:elasticloadbalancing:cn-north-1:770349173707:targetgroup/alb1-tg/b5bfa1b5bc331adc",
                            "lambda_multi_value_headers_enabled": "false",
                            "name": "alb1-tg",
                            "port": "80",
                            "protocol": "HTTP",
                            "proxy_protocol_v2": "false",
                            "slow_start": "0",
                            "stickiness.#": "1",
                            "stickiness.0.cookie_duration": "86400",
                            "stickiness.0.enabled": "false",
                            "stickiness.0.type": "lb_cookie",
                            "tags.%": "0",
                            "target_type": "instance",
                            "vpc_id": "vpc-0d419cf917dc59966"
                        },
                        "meta": {},
                        "tainted": false
                    },
                    "deposed": [],
                    "provider": "provider.aws"
                },
                "aws_lb_target_group_attachment.alb1": {
                    "type": "aws_lb_target_group_attachment",
                    "depends_on": [
                        "aws_lb_target_group.alb1-tg"
                    ],
                    "primary": {
                        "id": "arn:aws-cn:elasticloadbalancing:cn-north-1:770349173707:targetgroup/alb1-tg/b5bfa1b5bc331adc-20190724015507540400000001",
                        "attributes": {
                            "id": "arn:aws-cn:elasticloadbalancing:cn-north-1:770349173707:targetgroup/alb1-tg/b5bfa1b5bc331adc-20190724015507540400000001",
                            "port": "80",
                            "target_group_arn": "arn:aws-cn:elasticloadbalancing:cn-north-1:770349173707:targetgroup/alb1-tg/b5bfa1b5bc331adc",
                            "target_id": "i-00b18789543ecdbf4"
                        },
                        "meta": {},
                        "tainted": false
                    },
                    "deposed": [],
                    "provider": "provider.aws"
                }
            },
            "depends_on": []
        },
        {
            "path": [
                "root",
                "dev_ec2"
            ],
            "outputs": {
                "instance-web-id": {
                    "sensitive": false,
                    "type": "list",
                    "value": [
                        "i-00b18789543ecdbf4"
                    ]
                }
            },
            "resources": {
                "aws_instance.web": {
                    "type": "aws_instance",
                    "depends_on": [],
                    "primary": {
                        "id": "i-00b18789543ecdbf4",
                        "attributes": {
                            "ami": "ami-08b835182371dee58",
                            "arn": "arn:aws-cn:ec2:cn-north-1:770349173707:instance/i-00b18789543ecdbf4",
                            "associate_public_ip_address": "true",
                            "availability_zone": "cn-north-1a",
                            "cpu_core_count": "1",
                            "cpu_threads_per_core": "1",
                            "credit_specification.#": "1",
                            "credit_specification.0.cpu_credits": "standard",
                            "disable_api_termination": "false",
                            "ebs_block_device.#": "0",
                            "ebs_optimized": "false",
                            "ephemeral_block_device.#": "0",
                            "get_password_data": "false",
                            "iam_instance_profile": "",
                            "id": "i-00b18789543ecdbf4",
                            "instance_state": "running",
                            "instance_type": "t2.micro",
                            "ipv6_address_count": "0",
                            "ipv6_addresses.#": "0",
                            "key_name": "deployer-key",
                            "monitoring": "false",
                            "network_interface.#": "0",
                            "password_data": "",
                            "placement_group": "",
                            "primary_network_interface_id": "eni-0e93c962e49b84ff9",
                            "private_dns": "ip-162-31-1-117.cn-north-1.compute.internal",
                            "private_ip": "162.31.1.117",
                            "public_dns": "ec2-52-80-241-13.cn-north-1.compute.amazonaws.com.cn",
                            "public_ip": "52.80.241.13",
                            "root_block_device.#": "1",
                            "root_block_device.0.delete_on_termination": "true",
                            "root_block_device.0.iops": "100",
                            "root_block_device.0.volume_id": "vol-0f05e2eb77bd7c5e7",
                            "root_block_device.0.volume_size": "8",
                            "root_block_device.0.volume_type": "gp2",
                            "security_groups.#": "0",
                            "source_dest_check": "true",
                            "subnet_id": "subnet-09df7aea095e68728",
                            "tags.%": "1",
                            "tags.Name": "Instance_new_world-1",
                            "tenancy": "default",
                            "volume_tags.%": "0",
                            "vpc_security_group_ids.#": "1",
                            "vpc_security_group_ids.599367131": "sg-0e2ae8974de8b4a2a"
                        },
                        "meta": {
                            "e2bfb730-ecaa-11e6-8f88-34363bc7c4c0": {
                                "create": 600000000000,
                                "delete": 1200000000000,
                                "update": 600000000000
                            },
                            "schema_version": "1"
                        },
                        "tainted": false
                    },
                    "deposed": [],
                    "provider": "provider.aws"
                },
                "aws_instance.web1": {
                    "type": "aws_instance",
                    "depends_on": [],
                    "primary": {
                        "id": "i-05ce60b619bc6ce94",
                        "attributes": {
                            "ami": "ami-08b835182371dee58",
                            "arn": "arn:aws-cn:ec2:cn-north-1:770349173707:instance/i-05ce60b619bc6ce94",
                            "associate_public_ip_address": "true",
                            "availability_zone": "cn-north-1a",
                            "cpu_core_count": "1",
                            "cpu_threads_per_core": "1",
                            "credit_specification.#": "1",
                            "credit_specification.0.cpu_credits": "standard",
                            "disable_api_termination": "false",
                            "ebs_block_device.#": "0",
                            "ebs_optimized": "false",
                            "ephemeral_block_device.#": "0",
                            "get_password_data": "false",
                            "iam_instance_profile": "",
                            "id": "i-05ce60b619bc6ce94",
                            "instance_state": "running",
                            "instance_type": "t2.micro",
                            "ipv6_address_count": "0",
                            "ipv6_addresses.#": "0",
                            "key_name": "deployer-key",
                            "monitoring": "false",
                            "network_interface.#": "0",
                            "password_data": "",
                            "placement_group": "",
                            "primary_network_interface_id": "eni-0aafe17a51f08acdd",
                            "private_dns": "ip-162-31-11-69.cn-north-1.compute.internal",
                            "private_ip": "162.31.11.69",
                            "public_dns": "ec2-54-222-135-29.cn-north-1.compute.amazonaws.com.cn",
                            "public_ip": "54.222.135.29",
                            "root_block_device.#": "1",
                            "root_block_device.0.delete_on_termination": "true",
                            "root_block_device.0.iops": "100",
                            "root_block_device.0.volume_id": "vol-0ec491ab56a8822d0",
                            "root_block_device.0.volume_size": "8",
                            "root_block_device.0.volume_type": "gp2",
                            "security_groups.#": "0",
                            "source_dest_check": "true",
                            "subnet_id": "subnet-00cf8ba6e56ac228c",
                            "tags.%": "1",
                            "tags.Name": "Instance_new_world-1",
                            "tenancy": "default",
                            "volume_tags.%": "0",
                            "vpc_security_group_ids.#": "1",
                            "vpc_security_group_ids.599367131": "sg-0e2ae8974de8b4a2a"
                        },
                        "meta": {
                            "e2bfb730-ecaa-11e6-8f88-34363bc7c4c0": {
                                "create": 600000000000,
                                "delete": 1200000000000,
                                "update": 600000000000
                            },
                            "schema_version": "1"
                        },
                        "tainted": false
                    },
                    "deposed": [],
                    "provider": "provider.aws"
                },
                "aws_key_pair.deployer": {
                    "type": "aws_key_pair",
                    "depends_on": [],
                    "primary": {
                        "id": "deployer-key",
                        "attributes": {
                            "fingerprint": "d7:ff:a6:63:18:64:9c:57:a1:ee:ca:a4:ad:c2:81:62",
                            "id": "deployer-key",
                            "key_name": "deployer-key",
                            "public_key": "ssh-rsa AAAAB3NzaC1yc2EAAAADAQABAAABAQD3F6tyPEFEzV0LX3X8BsXdMsQz1x2cEikKDEY0aIj41qgxMCP/iteneqXSIFZBp5vizPvaoIR3Um9xK7PGoW8giupGn+EPuxIA4cDM4vzOqOkiMPhz5XK0whEjkVzTo4+S0puvDZuwIsdiW9mxhJc7tgBNL0cYlWSYVkz4G/fslNfRPW5mYAM49f4fhtxPb5ok4Q2Lg9dPKVHO/Bgeu5woMc7RY0p1ej6D4CKFE6lymSDJpW0YHX/wqE9+cfEauh7xZcG0q9t2ta6F6fmX0agvpFyZo8aFbXeUBr7osSCJNgvavWbM/06niWrOvYX2xwWdhXmXSrbX8ZbabVohBK41 email@example.com"
                        },
                        "meta": {
                            "schema_version": "1"
                        },
                        "tainted": false
                    },
                    "deposed": [],
                    "provider": "provider.aws"
                }
            },
            "depends_on": []
        },
        {
            "path": [
                "root",
                "dev_sg"
            ],
            "outputs": {
                "alb_sg_id": {
                    "sensitive": false,
                    "type": "string",
                    "value": "sg-017e071f2f9e64d3a"
                },
                "app_sg_id": {
                    "sensitive": false,
                    "type": "string",
                    "value": "sg-0bbc3b98a4b3c0dc6"
                },
                "web_sg_id": {
                    "sensitive": false,
                    "type": "string",
                    "value": "sg-0e2ae8974de8b4a2a"
                }
            },
            "resources": {
                "aws_security_group.alb-sg": {
                    "type": "aws_security_group",
                    "depends_on": [],
                    "primary": {
                        "id": "sg-017e071f2f9e64d3a",
                        "attributes": {
                            "arn": "arn:aws-cn:ec2:cn-north-1:770349173707:security-group/sg-017e071f2f9e64d3a",
                            "description": "Allow TLS inbound traffic",
                            "egress.#": "0",
                            "id": "sg-017e071f2f9e64d3a",
                            "ingress.#": "1",
                            "ingress.2617001939.cidr_blocks.#": "1",
                            "ingress.2617001939.cidr_blocks.0": "0.0.0.0/0",
                            "ingress.2617001939.description": "",
                            "ingress.2617001939.from_port": "443",
                            "ingress.2617001939.ipv6_cidr_blocks.#": "0",
                            "ingress.2617001939.prefix_list_ids.#": "0",
                            "ingress.2617001939.protocol": "tcp",
                            "ingress.2617001939.security_groups.#": "0",
                            "ingress.2617001939.self": "false",
                            "ingress.2617001939.to_port": "443",
                            "name": "alb-sg",
                            "owner_id": "770349173707",
                            "revoke_rules_on_delete": "false",
                            "tags.%": "1",
                            "tags.Name": "alb-sg",
                            "vpc_id": "vpc-0d419cf917dc59966"
                        },
                        "meta": {
                            "e2bfb730-ecaa-11e6-8f88-34363bc7c4c0": {
                                "create": 600000000000,
                                "delete": 600000000000
                            },
                            "schema_version": "1"
                        },
                        "tainted": false
                    },
                    "deposed": [],
                    "provider": "provider.aws"
                },
                "aws_security_group.app-sg": {
                    "type": "aws_security_group",
                    "depends_on": [],
                    "primary": {
                        "id": "sg-0bbc3b98a4b3c0dc6",
                        "attributes": {
                            "arn": "arn:aws-cn:ec2:cn-north-1:770349173707:security-group/sg-0bbc3b98a4b3c0dc6",
                            "description": "Managed by Terraform",
                            "egress.#": "1",
                            "egress.482069346.cidr_blocks.#": "1",
                            "egress.482069346.cidr_blocks.0": "0.0.0.0/0",
                            "egress.482069346.description": "",
                            "egress.482069346.from_port": "0",
                            "egress.482069346.ipv6_cidr_blocks.#": "0",
                            "egress.482069346.prefix_list_ids.#": "0",
                            "egress.482069346.protocol": "-1",
                            "egress.482069346.security_groups.#": "0",
                            "egress.482069346.self": "false",
                            "egress.482069346.to_port": "0",
                            "id": "sg-0bbc3b98a4b3c0dc6",
                            "ingress.#": "1",
                            "ingress.2628281923.cidr_blocks.#": "1",
                            "ingress.2628281923.cidr_blocks.0": "0.0.0.0/0",
                            "ingress.2628281923.description": "main-app-sg",
                            "ingress.2628281923.from_port": "22",
                            "ingress.2628281923.ipv6_cidr_blocks.#": "0",
                            "ingress.2628281923.prefix_list_ids.#": "0",
                            "ingress.2628281923.protocol": "tcp",
                            "ingress.2628281923.security_groups.#": "0",
                            "ingress.2628281923.self": "false",
                            "ingress.2628281923.to_port": "22",
                            "name": "main-app-sg",
                            "owner_id": "770349173707",
                            "revoke_rules_on_delete": "false",
                            "tags.%": "1",
                            "tags.Name": "main-app-sg",
                            "vpc_id": "vpc-d3bc09b7"
                        },
                        "meta": {
                            "e2bfb730-ecaa-11e6-8f88-34363bc7c4c0": {
                                "create": 600000000000,
                                "delete": 600000000000
                            },
                            "schema_version": "1"
                        },
                        "tainted": false
                    },
                    "deposed": [],
                    "provider": "provider.aws"
                },
                "aws_security_group.web-sg": {
                    "type": "aws_security_group",
                    "depends_on": [],
                    "primary": {
                        "id": "sg-0e2ae8974de8b4a2a",
                        "attributes": {
                            "arn": "arn:aws-cn:ec2:cn-north-1:770349173707:security-group/sg-0e2ae8974de8b4a2a",
                            "description": "Managed by Terraform",
                            "egress.#": "1",
                            "egress.482069346.cidr_blocks.#": "1",
                            "egress.482069346.cidr_blocks.0": "0.0.0.0/0",
                            "egress.482069346.description": "",
                            "egress.482069346.from_port": "0",
                            "egress.482069346.ipv6_cidr_blocks.#": "0",
                            "egress.482069346.prefix_list_ids.#": "0",
                            "egress.482069346.protocol": "-1",
                            "egress.482069346.security_groups.#": "0",
                            "egress.482069346.self": "false",
                            "egress.482069346.to_port": "0",
                            "id": "sg-0e2ae8974de8b4a2a",
                            "ingress.#": "1",
                            "ingress.81341676.cidr_blocks.#": "1",
                            "ingress.81341676.cidr_blocks.0": "0.0.0.0/0",
                            "ingress.81341676.description": "main-web-sg",
                            "ingress.81341676.from_port": "0",
                            "ingress.81341676.ipv6_cidr_blocks.#": "0",
                            "ingress.81341676.prefix_list_ids.#": "0",
                            "ingress.81341676.protocol": "-1",
                            "ingress.81341676.security_groups.#": "0",
                            "ingress.81341676.self": "false",
                            "ingress.81341676.to_port": "0",
                            "name": "main-web-sg",
                            "owner_id": "770349173707",
                            "revoke_rules_on_delete": "false",
                            "tags.%": "1",
                            "tags.Name": "main-web-sg",
                            "vpc_id": "vpc-0d419cf917dc59966"
                        },
                        "meta": {
                            "e2bfb730-ecaa-11e6-8f88-34363bc7c4c0": {
                                "create": 600000000000,
                                "delete": 600000000000
                            },
                            "schema_version": "1"
                        },
                        "tainted": false
                    },
                    "deposed": [],
                    "provider": "provider.aws"
                }
            },
            "depends_on": []
        },
        {
            "path": [
                "root",
                "dev_vpc"
            ],
            "outputs": {
                "private_subnets": {
                    "sensitive": false,
                    "type": "list",
                    "value": [
                        "subnet-00cf8ba6e56ac228c",
                        "subnet-0acf4045c8eee1074"
                    ]
                },
                "public_subnets": {
                    "sensitive": false,
                    "type": "list",
                    "value": [
                        "subnet-09df7aea095e68728",
                        "subnet-0598ec2283119b108"
                    ]
                },
                "vpc_id": {
                    "sensitive": false,
                    "type": "string",
                    "value": "vpc-0d419cf917dc59966"
                }
            },
            "resources": {
                "aws_eip.main-nat-eip": {
                    "type": "aws_eip",
                    "depends_on": [],
                    "primary": {
                        "id": "eipalloc-05a2d755fdbfc4871",
                        "attributes": {
                            "association_id": "",
                            "domain": "vpc",
                            "id": "eipalloc-05a2d755fdbfc4871",
                            "instance": "",
                            "network_interface": "",
                            "private_ip": "",
                            "public_dns": "ec2-52-80-175-175.cn-north-1.compute.amazonaws.com",
                            "public_ip": "52.80.175.175",
                            "public_ipv4_pool": "amazon",
                            "tags.%": "0",
                            "vpc": "true"
                        },
                        "meta": {
                            "e2bfb730-ecaa-11e6-8f88-34363bc7c4c0": {
                                "delete": 180000000000,
                                "read": 900000000000,
                                "update": 300000000000
                            }
                        },
                        "tainted": false
                    },
                    "deposed": [],
                    "provider": "provider.aws"
                },
                "aws_internet_gateway.main-gw": {
                    "type": "aws_internet_gateway",
                    "depends_on": [
                        "aws_vpc.main"
                    ],
                    "primary": {
                        "id": "igw-07a9feef829374a9c",
                        "attributes": {
                            "id": "igw-07a9feef829374a9c",
                            "owner_id": "770349173707",
                            "tags.%": "1",
                            "tags.Name": "main-gw",
                            "vpc_id": "vpc-0d419cf917dc59966"
                        },
                        "meta": {},
                        "tainted": false
                    },
                    "deposed": [],
                    "provider": "provider.aws"
                },
                "aws_nat_gateway.main-nat-gw": {
                    "type": "aws_nat_gateway",
                    "depends_on": [
                        "aws_eip.main-nat-eip",
                        "aws_subnet.public.*"
                    ],
                    "primary": {
                        "id": "nat-09e02b30e0a643070",
                        "attributes": {
                            "allocation_id": "eipalloc-05a2d755fdbfc4871",
                            "id": "nat-09e02b30e0a643070",
                            "network_interface_id": "eni-0b92a1112e863da78",
                            "private_ip": "162.31.1.4",
                            "public_ip": "52.80.175.175",
                            "subnet_id": "subnet-09df7aea095e68728",
                            "tags.%": "1",
                            "tags.Name": "main-nat-gw"
                        },
                        "meta": {},
                        "tainted": false
                    },
                    "deposed": [],
                    "provider": "provider.aws"
                },
                "aws_route_table.main-private-rt": {
                    "type": "aws_route_table",
                    "depends_on": [
                        "aws_nat_gateway.main-nat-gw",
                        "aws_vpc.main"
                    ],
                    "primary": {
                        "id": "rtb-04456abe8021ea82b",
                        "attributes": {
                            "id": "rtb-04456abe8021ea82b",
                            "owner_id": "770349173707",
                            "propagating_vgws.#": "0",
                            "route.#": "1",
                            "route.1984364957.cidr_block": "0.0.0.0/0",
                            "route.1984364957.egress_only_gateway_id": "",
                            "route.1984364957.gateway_id": "",
                            "route.1984364957.instance_id": "",
                            "route.1984364957.ipv6_cidr_block": "",
                            "route.1984364957.nat_gateway_id": "nat-09e02b30e0a643070",
                            "route.1984364957.network_interface_id": "",
                            "route.1984364957.transit_gateway_id": "",
                            "route.1984364957.vpc_peering_connection_id": "",
                            "tags.%": "1",
                            "tags.Name": "main-private-rt",
                            "vpc_id": "vpc-0d419cf917dc59966"
                        },
                        "meta": {},
                        "tainted": false
                    },
                    "deposed": [],
                    "provider": "provider.aws"
                },
                "aws_route_table.main-public-rt": {
                    "type": "aws_route_table",
                    "depends_on": [
                        "aws_internet_gateway.main-gw",
                        "aws_vpc.main"
                    ],
                    "primary": {
                        "id": "rtb-09160d0c901b44fcd",
                        "attributes": {
                            "id": "rtb-09160d0c901b44fcd",
                            "owner_id": "770349173707",
                            "propagating_vgws.#": "0",
                            "route.#": "1",
                            "route.17896300.cidr_block": "0.0.0.0/0",
                            "route.17896300.egress_only_gateway_id": "",
                            "route.17896300.gateway_id": "igw-07a9feef829374a9c",
                            "route.17896300.instance_id": "",
                            "route.17896300.ipv6_cidr_block": "",
                            "route.17896300.nat_gateway_id": "",
                            "route.17896300.network_interface_id": "",
                            "route.17896300.transit_gateway_id": "",
                            "route.17896300.vpc_peering_connection_id": "",
                            "tags.%": "1",
                            "tags.Name": "main-public-rt",
                            "vpc_id": "vpc-0d419cf917dc59966"
                        },
                        "meta": {},
                        "tainted": false
                    },
                    "deposed": [],
                    "provider": "provider.aws"
                },
                "aws_route_table_association.private.0": {
                    "type": "aws_route_table_association",
                    "depends_on": [
                        "aws_route_table.main-private-rt",
                        "aws_subnet.private.*"
                    ],
                    "primary": {
                        "id": "rtbassoc-07d863192e2cd5d1d",
                        "attributes": {
                            "id": "rtbassoc-07d863192e2cd5d1d",
                            "route_table_id": "rtb-04456abe8021ea82b",
                            "subnet_id": "subnet-00cf8ba6e56ac228c"
                        },
                        "meta": {},
                        "tainted": false
                    },
                    "deposed": [],
                    "provider": "provider.aws"
                },
                "aws_route_table_association.private.1": {
                    "type": "aws_route_table_association",
                    "depends_on": [
                        "aws_route_table.main-private-rt",
                        "aws_subnet.private.*"
                    ],
                    "primary": {
                        "id": "rtbassoc-07395bc65261d65df",
                        "attributes": {
                            "id": "rtbassoc-07395bc65261d65df",
                            "route_table_id": "rtb-04456abe8021ea82b",
                            "subnet_id": "subnet-0acf4045c8eee1074"
                        },
                        "meta": {},
                        "tainted": false
                    },
                    "deposed": [],
                    "provider": "provider.aws"
                },
                "aws_route_table_association.private.2": {
                    "type": "aws_route_table_association",
                    "depends_on": [
                        "aws_route_table.main-private-rt",
                        "aws_subnet.private.*"
                    ],
                    "primary": {
                        "id": "rtbassoc-07d863192e2cd5d1d",
                        "attributes": {
                            "id": "rtbassoc-07d863192e2cd5d1d",
                            "route_table_id": "rtb-04456abe8021ea82b",
                            "subnet_id": "subnet-00cf8ba6e56ac228c"
                        },
                        "meta": {},
                        "tainted": false
                    },
                    "deposed": [],
                    "provider": "provider.aws"
                },
                "aws_route_table_association.public.0": {
                    "type": "aws_route_table_association",
                    "depends_on": [
                        "aws_route_table.main-public-rt",
                        "aws_subnet.public.*"
                    ],
                    "primary": {
                        "id": "rtbassoc-043d1c4247b720efa",
                        "attributes": {
                            "id": "rtbassoc-043d1c4247b720efa",
                            "route_table_id": "rtb-09160d0c901b44fcd",
                            "subnet_id": "subnet-09df7aea095e68728"
                        },
                        "meta": {},
                        "tainted": false
                    },
                    "deposed": [],
                    "provider": "provider.aws"
                },
                "aws_route_table_association.public.1": {
                    "type": "aws_route_table_association",
                    "depends_on": [
                        "aws_route_table.main-public-rt",
                        "aws_subnet.public.*"
                    ],
                    "primary": {
                        "id": "rtbassoc-0a1aeed14daa432db",
                        "attributes": {
                            "id": "rtbassoc-0a1aeed14daa432db",
                            "route_table_id": "rtb-09160d0c901b44fcd",
                            "subnet_id": "subnet-0598ec2283119b108"
                        },
                        "meta": {},
                        "tainted": false
                    },
                    "deposed": [],
                    "provider": "provider.aws"
                },
                "aws_route_table_association.public.2": {
                    "type": "aws_route_table_association",
                    "depends_on": [
                        "aws_route_table.main-public-rt",
                        "aws_subnet.public.*"
                    ],
                    "primary": {
                        "id": "rtbassoc-043d1c4247b720efa",
                        "attributes": {
                            "id": "rtbassoc-043d1c4247b720efa",
                            "route_table_id": "rtb-09160d0c901b44fcd",
                            "subnet_id": "subnet-09df7aea095e68728"
                        },
                        "meta": {},
                        "tainted": false
                    },
                    "deposed": [],
                    "provider": "provider.aws"
                },
                "aws_subnet.private.0": {
                    "type": "aws_subnet",
                    "depends_on": [
                        "data.aws_availability_zones.azs"
                    ],
                    "primary": {
                        "id": "subnet-00cf8ba6e56ac228c",
                        "attributes": {
                            "arn": "arn:aws-cn:ec2:cn-north-1:770349173707:subnet/subnet-00cf8ba6e56ac228c",
                            "assign_ipv6_address_on_creation": "false",
                            "availability_zone": "cn-north-1a",
                            "availability_zone_id": "cnn1-az1",
                            "cidr_block": "162.31.11.0/24",
                            "id": "subnet-00cf8ba6e56ac228c",
                            "ipv6_cidr_block": "",
                            "ipv6_cidr_block_association_id": "",
                            "map_public_ip_on_launch": "true",
                            "owner_id": "770349173707",
                            "tags.%": "1",
                            "tags.Name": "zihx-subnet-1",
                            "vpc_id": "vpc-0d419cf917dc59966"
                        },
                        "meta": {
                            "e2bfb730-ecaa-11e6-8f88-34363bc7c4c0": {
                                "create": 600000000000,
                                "delete": 1200000000000
                            },
                            "schema_version": "1"
                        },
                        "tainted": false
                    },
                    "deposed": [],
                    "provider": "provider.aws"
                },
                "aws_subnet.private.1": {
                    "type": "aws_subnet",
                    "depends_on": [
                        "data.aws_availability_zones.azs"
                    ],
                    "primary": {
                        "id": "subnet-0acf4045c8eee1074",
                        "attributes": {
                            "arn": "arn:aws-cn:ec2:cn-north-1:770349173707:subnet/subnet-0acf4045c8eee1074",
                            "assign_ipv6_address_on_creation": "false",
                            "availability_zone": "cn-north-1b",
                            "availability_zone_id": "cnn1-az2",
                            "cidr_block": "162.31.12.0/24",
                            "id": "subnet-0acf4045c8eee1074",
                            "ipv6_cidr_block": "",
                            "ipv6_cidr_block_association_id": "",
                            "map_public_ip_on_launch": "true",
                            "owner_id": "770349173707",
                            "tags.%": "1",
                            "tags.Name": "zihx-subnet-2",
                            "vpc_id": "vpc-0d419cf917dc59966"
                        },
                        "meta": {
                            "e2bfb730-ecaa-11e6-8f88-34363bc7c4c0": {
                                "create": 600000000000,
                                "delete": 1200000000000
                            },
                            "schema_version": "1"
                        },
                        "tainted": false
                    },
                    "deposed": [],
                    "provider": "provider.aws"
                },
                "aws_subnet.public.0": {
                    "type": "aws_subnet",
                    "depends_on": [
                        "data.aws_availability_zones.azs"
                    ],
                    "primary": {
                        "id": "subnet-09df7aea095e68728",
                        "attributes": {
                            "arn": "arn:aws-cn:ec2:cn-north-1:770349173707:subnet/subnet-09df7aea095e68728",
                            "assign_ipv6_address_on_creation": "false",
                            "availability_zone": "cn-north-1a",
                            "availability_zone_id": "cnn1-az1",
                            "cidr_block": "162.31.1.0/24",
                            "id": "subnet-09df7aea095e68728",
                            "ipv6_cidr_block": "",
                            "ipv6_cidr_block_association_id": "",
                            "map_public_ip_on_launch": "true",
                            "owner_id": "770349173707",
                            "tags.%": "1",
                            "tags.Name": "zihx-subnet-1",
                            "vpc_id": "vpc-0d419cf917dc59966"
                        },
                        "meta": {
                            "e2bfb730-ecaa-11e6-8f88-34363bc7c4c0": {
                                "create": 600000000000,
                                "delete": 1200000000000
                            },
                            "schema_version": "1"
                        },
                        "tainted": false
                    },
                    "deposed": [],
                    "provider": "provider.aws"
                },
                "aws_subnet.public.1": {
                    "type": "aws_subnet",
                    "depends_on": [
                        "data.aws_availability_zones.azs"
                    ],
                    "primary": {
                        "id": "subnet-0598ec2283119b108",
                        "attributes": {
                            "arn": "arn:aws-cn:ec2:cn-north-1:770349173707:subnet/subnet-0598ec2283119b108",
                            "assign_ipv6_address_on_creation": "false",
                            "availability_zone": "cn-north-1b",
                            "availability_zone_id": "cnn1-az2",
                            "cidr_block": "162.31.2.0/24",
                            "id": "subnet-0598ec2283119b108",
                            "ipv6_cidr_block": "",
                            "ipv6_cidr_block_association_id": "",
                            "map_public_ip_on_launch": "true",
                            "owner_id": "770349173707",
                            "tags.%": "1",
                            "tags.Name": "zihx-subnet-2",
                            "vpc_id": "vpc-0d419cf917dc59966"
                        },
                        "meta": {
                            "e2bfb730-ecaa-11e6-8f88-34363bc7c4c0": {
                                "create": 600000000000,
                                "delete": 1200000000000
                            },
                            "schema_version": "1"
                        },
                        "tainted": false
                    },
                    "deposed": [],
                    "provider": "provider.aws"
                },
                "aws_vpc.main": {
                    "type": "aws_vpc",
                    "depends_on": [],
                    "primary": {
                        "id": "vpc-0d419cf917dc59966",
                        "attributes": {
                            "arn": "arn:aws-cn:ec2:cn-north-1:770349173707:vpc/vpc-0d419cf917dc59966",
                            "assign_generated_ipv6_cidr_block": "false",
                            "cidr_block": "162.31.0.0/16",
                            "default_network_acl_id": "acl-059a55eb78e570e4e",
                            "default_route_table_id": "rtb-09c84bd88b00fc664",
                            "default_security_group_id": "sg-09ccda6d7c4f56317",
                            "dhcp_options_id": "dopt-e1201784",
                            "enable_dns_hostnames": "true",
                            "enable_dns_support": "true",
                            "id": "vpc-0d419cf917dc59966",
                            "instance_tenancy": "default",
                            "ipv6_association_id": "",
                            "ipv6_cidr_block": "",
                            "main_route_table_id": "rtb-09c84bd88b00fc664",
                            "owner_id": "770349173707",
                            "tags.%": "1",
                            "tags.Name": "zihx-vpc"
                        },
                        "meta": {
                            "schema_version": "1"
                        },
                        "tainted": false
                    },
                    "deposed": [],
                    "provider": "provider.aws"
                },
                "data.aws_availability_zones.azs": {
                    "type": "aws_availability_zones",
                    "depends_on": [],
                    "primary": {
                        "id": "2019-07-24 01:54:22.1393944 +0000 UTC",
                        "attributes": {
                            "id": "2019-07-24 01:54:22.1393944 +0000 UTC",
                            "names.#": "2",
                            "names.0": "cn-north-1a",
                            "names.1": "cn-north-1b",
                            "zone_ids.#": "2",
                            "zone_ids.0": "cnn1-az1",
                            "zone_ids.1": "cnn1-az2"
                        },
                        "meta": {},
                        "tainted": false
                    },
                    "deposed": [],
                    "provider": "provider.aws"
                }
            },
            "depends_on": []
        }
    ]
}
